// !$*UTF8*$!
{
	archiveVersion = 1;
	classes = {
	};
	objectVersion = 56;
	objects = {

/* Begin PBXBuildFile section */
		30599DB12C6C15E100842A96 /* AppleMusicalChairsApp.swift in Sources */ = {isa = PBXBuildFile; fileRef = 30599DB02C6C15E100842A96 /* AppleMusicalChairsApp.swift */; };
		30599DB32C6C15E100842A96 /* ContentView.swift in Sources */ = {isa = PBXBuildFile; fileRef = 30599DB22C6C15E100842A96 /* ContentView.swift */; };
		30599DB52C6C15E200842A96 /* Assets.xcassets in Resources */ = {isa = PBXBuildFile; fileRef = 30599DB42C6C15E200842A96 /* Assets.xcassets */; };
		30599DB82C6C15E200842A96 /* Preview Assets.xcassets in Resources */ = {isa = PBXBuildFile; fileRef = 30599DB72C6C15E200842A96 /* Preview Assets.xcassets */; };
		30599DBF2C6C201400842A96 /* PlayState.swift in Sources */ = {isa = PBXBuildFile; fileRef = 30599DBE2C6C201400842A96 /* PlayState.swift */; };
		30599DC12C6D5C4D00842A96 /* VolumeSliderView.swift in Sources */ = {isa = PBXBuildFile; fileRef = 30599DC02C6D5C4D00842A96 /* VolumeSliderView.swift */; };
		30599DC32C6FE4ED00842A96 /* PlayBackView.swift in Sources */ = {isa = PBXBuildFile; fileRef = 30599DC22C6FE4ED00842A96 /* PlayBackView.swift */; };
		30599DC52C6FE7AE00842A96 /* PlaylistRowView.swift in Sources */ = {isa = PBXBuildFile; fileRef = 30599DC42C6FE7AE00842A96 /* PlaylistRowView.swift */; };
		30599DC72C6FF68A00842A96 /* AppleMusicPermissionView.swift in Sources */ = {isa = PBXBuildFile; fileRef = 30599DC62C6FF68A00842A96 /* AppleMusicPermissionView.swift */; };
		306B58392C939B6A00AF50E1 /* AirPlayButtonView.swift in Sources */ = {isa = PBXBuildFile; fileRef = 306B58382C939B6A00AF50E1 /* AirPlayButtonView.swift */; };
		306B583B2C93A82000AF50E1 /* VolumeObserver.swift in Sources */ = {isa = PBXBuildFile; fileRef = 306B583A2C93A82000AF50E1 /* VolumeObserver.swift */; };
		30BF5B9B2CC1DB1900BF0196 /* SettingsView.swift in Sources */ = {isa = PBXBuildFile; fileRef = 30BF5B9A2CC1DB1900BF0196 /* SettingsView.swift */; };
/* End PBXBuildFile section */

/* Begin PBXFileReference section */
		304046B62C8BBB7F00BF5D9B /* Info.plist */ = {isa = PBXFileReference; lastKnownFileType = text.plist; path = Info.plist; sourceTree = "<group>"; };
		30599DAD2C6C15E100842A96 /* AppleMusicalChairs.app */ = {isa = PBXFileReference; explicitFileType = wrapper.application; includeInIndex = 0; path = AppleMusicalChairs.app; sourceTree = BUILT_PRODUCTS_DIR; };
		30599DB02C6C15E100842A96 /* AppleMusicalChairsApp.swift */ = {isa = PBXFileReference; lastKnownFileType = sourcecode.swift; path = AppleMusicalChairsApp.swift; sourceTree = "<group>"; };
		30599DB22C6C15E100842A96 /* ContentView.swift */ = {isa = PBXFileReference; lastKnownFileType = sourcecode.swift; path = ContentView.swift; sourceTree = "<group>"; };
		30599DB42C6C15E200842A96 /* Assets.xcassets */ = {isa = PBXFileReference; lastKnownFileType = folder.assetcatalog; path = Assets.xcassets; sourceTree = "<group>"; };
		30599DB72C6C15E200842A96 /* Preview Assets.xcassets */ = {isa = PBXFileReference; lastKnownFileType = folder.assetcatalog; path = "Preview Assets.xcassets"; sourceTree = "<group>"; };
		30599DBE2C6C201400842A96 /* PlayState.swift */ = {isa = PBXFileReference; lastKnownFileType = sourcecode.swift; path = PlayState.swift; sourceTree = "<group>"; };
		30599DC02C6D5C4D00842A96 /* VolumeSliderView.swift */ = {isa = PBXFileReference; lastKnownFileType = sourcecode.swift; path = VolumeSliderView.swift; sourceTree = "<group>"; };
		30599DC22C6FE4ED00842A96 /* PlayBackView.swift */ = {isa = PBXFileReference; lastKnownFileType = sourcecode.swift; path = PlayBackView.swift; sourceTree = "<group>"; };
		30599DC42C6FE7AE00842A96 /* PlaylistRowView.swift */ = {isa = PBXFileReference; lastKnownFileType = sourcecode.swift; path = PlaylistRowView.swift; sourceTree = "<group>"; };
		30599DC62C6FF68A00842A96 /* AppleMusicPermissionView.swift */ = {isa = PBXFileReference; lastKnownFileType = sourcecode.swift; path = AppleMusicPermissionView.swift; sourceTree = "<group>"; };
		306B58382C939B6A00AF50E1 /* AirPlayButtonView.swift */ = {isa = PBXFileReference; lastKnownFileType = sourcecode.swift; path = AirPlayButtonView.swift; sourceTree = "<group>"; };
		306B583A2C93A82000AF50E1 /* VolumeObserver.swift */ = {isa = PBXFileReference; lastKnownFileType = sourcecode.swift; path = VolumeObserver.swift; sourceTree = "<group>"; };
		30BF5B9A2CC1DB1900BF0196 /* SettingsView.swift */ = {isa = PBXFileReference; lastKnownFileType = sourcecode.swift; path = SettingsView.swift; sourceTree = "<group>"; };
/* End PBXFileReference section */

/* Begin PBXFrameworksBuildPhase section */
		30599DAA2C6C15E100842A96 /* Frameworks */ = {
			isa = PBXFrameworksBuildPhase;
			buildActionMask = 2147483647;
			files = (
			);
			runOnlyForDeploymentPostprocessing = 0;
		};
/* End PBXFrameworksBuildPhase section */

/* Begin PBXGroup section */
		30599DA42C6C15E100842A96 = {
			isa = PBXGroup;
			children = (
				30599DAF2C6C15E100842A96 /* AppleMusicalChairs */,
				30599DAE2C6C15E100842A96 /* Products */,
			);
			sourceTree = "<group>";
		};
		30599DAE2C6C15E100842A96 /* Products */ = {
			isa = PBXGroup;
			children = (
				30599DAD2C6C15E100842A96 /* AppleMusicalChairs.app */,
			);
			name = Products;
			sourceTree = "<group>";
		};
		30599DAF2C6C15E100842A96 /* AppleMusicalChairs */ = {
			isa = PBXGroup;
			children = (
				304046B62C8BBB7F00BF5D9B /* Info.plist */,
				30599DB02C6C15E100842A96 /* AppleMusicalChairsApp.swift */,
				30599DC62C6FF68A00842A96 /* AppleMusicPermissionView.swift */,
				30599DB22C6C15E100842A96 /* ContentView.swift */,
				30599DC42C6FE7AE00842A96 /* PlaylistRowView.swift */,
				30599DC22C6FE4ED00842A96 /* PlayBackView.swift */,
				30BF5B9A2CC1DB1900BF0196 /* SettingsView.swift */,
				306B583A2C93A82000AF50E1 /* VolumeObserver.swift */,
				30599DC02C6D5C4D00842A96 /* VolumeSliderView.swift */,
				306B58382C939B6A00AF50E1 /* AirPlayButtonView.swift */,
				30599DBE2C6C201400842A96 /* PlayState.swift */,
				30599DB42C6C15E200842A96 /* Assets.xcassets */,
				30599DB62C6C15E200842A96 /* Preview Content */,
			);
			path = AppleMusicalChairs;
			sourceTree = "<group>";
		};
		30599DB62C6C15E200842A96 /* Preview Content */ = {
			isa = PBXGroup;
			children = (
				30599DB72C6C15E200842A96 /* Preview Assets.xcassets */,
			);
			path = "Preview Content";
			sourceTree = "<group>";
		};
/* End PBXGroup section */

/* Begin PBXNativeTarget section */
		30599DAC2C6C15E100842A96 /* AppleMusicalChairs */ = {
			isa = PBXNativeTarget;
			buildConfigurationList = 30599DBB2C6C15E200842A96 /* Build configuration list for PBXNativeTarget "AppleMusicalChairs" */;
			buildPhases = (
				30599DA92C6C15E100842A96 /* Sources */,
				30599DAA2C6C15E100842A96 /* Frameworks */,
				30599DAB2C6C15E100842A96 /* Resources */,
			);
			buildRules = (
			);
			dependencies = (
			);
			name = AppleMusicalChairs;
			productName = AppleMusicalChairs;
			productReference = 30599DAD2C6C15E100842A96 /* AppleMusicalChairs.app */;
			productType = "com.apple.product-type.application";
		};
/* End PBXNativeTarget section */

/* Begin PBXProject section */
		30599DA52C6C15E100842A96 /* Project object */ = {
			isa = PBXProject;
			attributes = {
				BuildIndependentTargetsInParallel = 1;
				LastSwiftUpdateCheck = 1540;
				LastUpgradeCheck = 1540;
				TargetAttributes = {
					30599DAC2C6C15E100842A96 = {
						CreatedOnToolsVersion = 15.4;
					};
				};
			};
			buildConfigurationList = 30599DA82C6C15E100842A96 /* Build configuration list for PBXProject "AppleMusicalChairs" */;
			compatibilityVersion = "Xcode 14.0";
			developmentRegion = en;
			hasScannedForEncodings = 0;
			knownRegions = (
				en,
				Base,
			);
			mainGroup = 30599DA42C6C15E100842A96;
			productRefGroup = 30599DAE2C6C15E100842A96 /* Products */;
			projectDirPath = "";
			projectRoot = "";
			targets = (
				30599DAC2C6C15E100842A96 /* AppleMusicalChairs */,
			);
		};
/* End PBXProject section */

/* Begin PBXResourcesBuildPhase section */
		30599DAB2C6C15E100842A96 /* Resources */ = {
			isa = PBXResourcesBuildPhase;
			buildActionMask = 2147483647;
			files = (
				30599DB82C6C15E200842A96 /* Preview Assets.xcassets in Resources */,
				30599DB52C6C15E200842A96 /* Assets.xcassets in Resources */,
			);
			runOnlyForDeploymentPostprocessing = 0;
		};
/* End PBXResourcesBuildPhase section */

/* Begin PBXSourcesBuildPhase section */
		30599DA92C6C15E100842A96 /* Sources */ = {
			isa = PBXSourcesBuildPhase;
			buildActionMask = 2147483647;
			files = (
				30599DC52C6FE7AE00842A96 /* PlaylistRowView.swift in Sources */,
				30599DB32C6C15E100842A96 /* ContentView.swift in Sources */,
				30599DC72C6FF68A00842A96 /* AppleMusicPermissionView.swift in Sources */,
				30599DB12C6C15E100842A96 /* AppleMusicalChairsApp.swift in Sources */,
				30599DBF2C6C201400842A96 /* PlayState.swift in Sources */,
				30599DC12C6D5C4D00842A96 /* VolumeSliderView.swift in Sources */,
				306B583B2C93A82000AF50E1 /* VolumeObserver.swift in Sources */,
				30599DC32C6FE4ED00842A96 /* PlayBackView.swift in Sources */,
				306B58392C939B6A00AF50E1 /* AirPlayButtonView.swift in Sources */,
				30BF5B9B2CC1DB1900BF0196 /* SettingsView.swift in Sources */,
			);
			runOnlyForDeploymentPostprocessing = 0;
		};
/* End PBXSourcesBuildPhase section */

/* Begin XCBuildConfiguration section */
		30599DB92C6C15E200842A96 /* Debug */ = {
			isa = XCBuildConfiguration;
			buildSettings = {
				ALWAYS_SEARCH_USER_PATHS = NO;
				ASSETCATALOG_COMPILER_GENERATE_SWIFT_ASSET_SYMBOL_EXTENSIONS = YES;
				CLANG_ANALYZER_NONNULL = YES;
				CLANG_ANALYZER_NUMBER_OBJECT_CONVERSION = YES_AGGRESSIVE;
				CLANG_CXX_LANGUAGE_STANDARD = "gnu++20";
				CLANG_ENABLE_MODULES = YES;
				CLANG_ENABLE_OBJC_ARC = YES;
				CLANG_ENABLE_OBJC_WEAK = YES;
				CLANG_WARN_BLOCK_CAPTURE_AUTORELEASING = YES;
				CLANG_WARN_BOOL_CONVERSION = YES;
				CLANG_WARN_COMMA = YES;
				CLANG_WARN_CONSTANT_CONVERSION = YES;
				CLANG_WARN_DEPRECATED_OBJC_IMPLEMENTATIONS = YES;
				CLANG_WARN_DIRECT_OBJC_ISA_USAGE = YES_ERROR;
				CLANG_WARN_DOCUMENTATION_COMMENTS = YES;
				CLANG_WARN_EMPTY_BODY = YES;
				CLANG_WARN_ENUM_CONVERSION = YES;
				CLANG_WARN_INFINITE_RECURSION = YES;
				CLANG_WARN_INT_CONVERSION = YES;
				CLANG_WARN_NON_LITERAL_NULL_CONVERSION = YES;
				CLANG_WARN_OBJC_IMPLICIT_RETAIN_SELF = YES;
				CLANG_WARN_OBJC_LITERAL_CONVERSION = YES;
				CLANG_WARN_OBJC_ROOT_CLASS = YES_ERROR;
				CLANG_WARN_QUOTED_INCLUDE_IN_FRAMEWORK_HEADER = YES;
				CLANG_WARN_RANGE_LOOP_ANALYSIS = YES;
				CLANG_WARN_STRICT_PROTOTYPES = YES;
				CLANG_WARN_SUSPICIOUS_MOVE = YES;
				CLANG_WARN_UNGUARDED_AVAILABILITY = YES_AGGRESSIVE;
				CLANG_WARN_UNREACHABLE_CODE = YES;
				CLANG_WARN__DUPLICATE_METHOD_MATCH = YES;
				COPY_PHASE_STRIP = NO;
				DEBUG_INFORMATION_FORMAT = dwarf;
				ENABLE_STRICT_OBJC_MSGSEND = YES;
				ENABLE_TESTABILITY = YES;
				ENABLE_USER_SCRIPT_SANDBOXING = YES;
				GCC_C_LANGUAGE_STANDARD = gnu17;
				GCC_DYNAMIC_NO_PIC = NO;
				GCC_NO_COMMON_BLOCKS = YES;
				GCC_OPTIMIZATION_LEVEL = 0;
				GCC_PREPROCESSOR_DEFINITIONS = (
					"DEBUG=1",
					"$(inherited)",
				);
				GCC_WARN_64_TO_32_BIT_CONVERSION = YES;
				GCC_WARN_ABOUT_RETURN_TYPE = YES_ERROR;
				GCC_WARN_UNDECLARED_SELECTOR = YES;
				GCC_WARN_UNINITIALIZED_AUTOS = YES_AGGRESSIVE;
				GCC_WARN_UNUSED_FUNCTION = YES;
				GCC_WARN_UNUSED_VARIABLE = YES;
				IPHONEOS_DEPLOYMENT_TARGET = 17.5;
				LOCALIZATION_PREFERS_STRING_CATALOGS = YES;
				MTL_ENABLE_DEBUG_INFO = INCLUDE_SOURCE;
				MTL_FAST_MATH = YES;
				ONLY_ACTIVE_ARCH = YES;
				SDKROOT = iphoneos;
				SWIFT_ACTIVE_COMPILATION_CONDITIONS = "DEBUG $(inherited)";
				SWIFT_OPTIMIZATION_LEVEL = "-Onone";
			};
			name = Debug;
		};
		30599DBA2C6C15E200842A96 /* Release */ = {
			isa = XCBuildConfiguration;
			buildSettings = {
				ALWAYS_SEARCH_USER_PATHS = NO;
				ASSETCATALOG_COMPILER_GENERATE_SWIFT_ASSET_SYMBOL_EXTENSIONS = YES;
				CLANG_ANALYZER_NONNULL = YES;
				CLANG_ANALYZER_NUMBER_OBJECT_CONVERSION = YES_AGGRESSIVE;
				CLANG_CXX_LANGUAGE_STANDARD = "gnu++20";
				CLANG_ENABLE_MODULES = YES;
				CLANG_ENABLE_OBJC_ARC = YES;
				CLANG_ENABLE_OBJC_WEAK = YES;
				CLANG_WARN_BLOCK_CAPTURE_AUTORELEASING = YES;
				CLANG_WARN_BOOL_CONVERSION = YES;
				CLANG_WARN_COMMA = YES;
				CLANG_WARN_CONSTANT_CONVERSION = YES;
				CLANG_WARN_DEPRECATED_OBJC_IMPLEMENTATIONS = YES;
				CLANG_WARN_DIRECT_OBJC_ISA_USAGE = YES_ERROR;
				CLANG_WARN_DOCUMENTATION_COMMENTS = YES;
				CLANG_WARN_EMPTY_BODY = YES;
				CLANG_WARN_ENUM_CONVERSION = YES;
				CLANG_WARN_INFINITE_RECURSION = YES;
				CLANG_WARN_INT_CONVERSION = YES;
				CLANG_WARN_NON_LITERAL_NULL_CONVERSION = YES;
				CLANG_WARN_OBJC_IMPLICIT_RETAIN_SELF = YES;
				CLANG_WARN_OBJC_LITERAL_CONVERSION = YES;
				CLANG_WARN_OBJC_ROOT_CLASS = YES_ERROR;
				CLANG_WARN_QUOTED_INCLUDE_IN_FRAMEWORK_HEADER = YES;
				CLANG_WARN_RANGE_LOOP_ANALYSIS = YES;
				CLANG_WARN_STRICT_PROTOTYPES = YES;
				CLANG_WARN_SUSPICIOUS_MOVE = YES;
				CLANG_WARN_UNGUARDED_AVAILABILITY = YES_AGGRESSIVE;
				CLANG_WARN_UNREACHABLE_CODE = YES;
				CLANG_WARN__DUPLICATE_METHOD_MATCH = YES;
				COPY_PHASE_STRIP = NO;
				DEBUG_INFORMATION_FORMAT = "dwarf-with-dsym";
				ENABLE_NS_ASSERTIONS = NO;
				ENABLE_STRICT_OBJC_MSGSEND = YES;
				ENABLE_USER_SCRIPT_SANDBOXING = YES;
				GCC_C_LANGUAGE_STANDARD = gnu17;
				GCC_NO_COMMON_BLOCKS = YES;
				GCC_WARN_64_TO_32_BIT_CONVERSION = YES;
				GCC_WARN_ABOUT_RETURN_TYPE = YES_ERROR;
				GCC_WARN_UNDECLARED_SELECTOR = YES;
				GCC_WARN_UNINITIALIZED_AUTOS = YES_AGGRESSIVE;
				GCC_WARN_UNUSED_FUNCTION = YES;
				GCC_WARN_UNUSED_VARIABLE = YES;
				IPHONEOS_DEPLOYMENT_TARGET = 17.5;
				LOCALIZATION_PREFERS_STRING_CATALOGS = YES;
				MTL_ENABLE_DEBUG_INFO = NO;
				MTL_FAST_MATH = YES;
				SDKROOT = iphoneos;
				SWIFT_COMPILATION_MODE = wholemodule;
				VALIDATE_PRODUCT = YES;
			};
			name = Release;
		};
		30599DBC2C6C15E200842A96 /* Debug */ = {
			isa = XCBuildConfiguration;
			buildSettings = {
				ASSETCATALOG_COMPILER_APPICON_NAME = AppIcon;
				ASSETCATALOG_COMPILER_GLOBAL_ACCENT_COLOR_NAME = AccentColor;
				CODE_SIGN_STYLE = Automatic;
				CURRENT_PROJECT_VERSION = 1;
				DEVELOPMENT_ASSET_PATHS = "\"AppleMusicalChairs/Preview Content\"";
				DEVELOPMENT_TEAM = H9AZCNDQS4;
				ENABLE_PREVIEWS = YES;
				GENERATE_INFOPLIST_FILE = YES;
				INFOPLIST_FILE = AppleMusicalChairs/Info.plist;
				INFOPLIST_KEY_NSAppleMusicUsageDescription = "Need your playlists to play musical chairs!";
				INFOPLIST_KEY_UIApplicationSceneManifest_Generation = YES;
				INFOPLIST_KEY_UIApplicationSupportsIndirectInputEvents = YES;
				INFOPLIST_KEY_UILaunchScreen_Generation = YES;
				INFOPLIST_KEY_UISupportedInterfaceOrientations = UIInterfaceOrientationPortrait;
				INFOPLIST_KEY_UISupportedInterfaceOrientations_iPad = "UIInterfaceOrientationLandscapeLeft UIInterfaceOrientationLandscapeRight UIInterfaceOrientationPortrait UIInterfaceOrientationPortraitUpsideDown";
				IPHONEOS_DEPLOYMENT_TARGET = 18.1;
				LD_RUNPATH_SEARCH_PATHS = (
					"$(inherited)",
					"@executable_path/Frameworks",
				);
				MARKETING_VERSION = 1.0;
				PRODUCT_BUNDLE_IDENTIFIER = com.justinbengtson.AppleMusicalChairs;
				PRODUCT_NAME = "$(TARGET_NAME)";
				SUPPORTED_PLATFORMS = "iphoneos iphonesimulator";
				SUPPORTS_MACCATALYST = NO;
				SUPPORTS_MAC_DESIGNED_FOR_IPHONE_IPAD = NO;
				SUPPORTS_XR_DESIGNED_FOR_IPHONE_IPAD = NO;
				SWIFT_EMIT_LOC_STRINGS = YES;
				SWIFT_VERSION = 5.0;
				TARGETED_DEVICE_FAMILY = 1;
			};
			name = Debug;
		};
		30599DBD2C6C15E200842A96 /* Release */ = {
			isa = XCBuildConfiguration;
			buildSettings = {
				ASSETCATALOG_COMPILER_APPICON_NAME = AppIcon;
				ASSETCATALOG_COMPILER_GLOBAL_ACCENT_COLOR_NAME = AccentColor;
				CODE_SIGN_STYLE = Automatic;
				CURRENT_PROJECT_VERSION = 1;
				DEVELOPMENT_ASSET_PATHS = "\"AppleMusicalChairs/Preview Content\"";
				DEVELOPMENT_TEAM = H9AZCNDQS4;
				ENABLE_PREVIEWS = YES;
				GENERATE_INFOPLIST_FILE = YES;
				INFOPLIST_FILE = AppleMusicalChairs/Info.plist;
				INFOPLIST_KEY_NSAppleMusicUsageDescription = "Need your playlists to play musical chairs!";
				INFOPLIST_KEY_UIApplicationSceneManifest_Generation = YES;
				INFOPLIST_KEY_UIApplicationSupportsIndirectInputEvents = YES;
				INFOPLIST_KEY_UILaunchScreen_Generation = YES;
				INFOPLIST_KEY_UISupportedInterfaceOrientations = UIInterfaceOrientationPortrait;
				INFOPLIST_KEY_UISupportedInterfaceOrientations_iPad = "UIInterfaceOrientationLandscapeLeft UIInterfaceOrientationLandscapeRight UIInterfaceOrientationPortrait UIInterfaceOrientationPortraitUpsideDown";
				IPHONEOS_DEPLOYMENT_TARGET = 18.1;
				LD_RUNPATH_SEARCH_PATHS = (
					"$(inherited)",
					"@executable_path/Frameworks",
				);
				MARKETING_VERSION = 1.0;
				PRODUCT_BUNDLE_IDENTIFIER = com.justinbengtson.AppleMusicalChairs;
				PRODUCT_NAME = "$(TARGET_NAME)";
				SUPPORTED_PLATFORMS = "iphoneos iphonesimulator";
				SUPPORTS_MACCATALYST = NO;
				SUPPORTS_MAC_DESIGNED_FOR_IPHONE_IPAD = NO;
				SUPPORTS_XR_DESIGNED_FOR_IPHONE_IPAD = NO;
				SWIFT_EMIT_LOC_STRINGS = YES;
				SWIFT_VERSION = 5.0;
				TARGETED_DEVICE_FAMILY = 1;
			};
			name = Release;
		};
/* End XCBuildConfiguration section */

/* Begin XCConfigurationList section */
		30599DA82C6C15E100842A96 /* Build configuration list for PBXProject "AppleMusicalChairs" */ = {
			isa = XCConfigurationList;
			buildConfigurations = (
				30599DB92C6C15E200842A96 /* Debug */,
				30599DBA2C6C15E200842A96 /* Release */,
			);
			defaultConfigurationIsVisible = 0;
			defaultConfigurationName = Release;
		};
		30599DBB2C6C15E200842A96 /* Build configuration list for PBXNativeTarget "AppleMusicalChairs" */ = {
			isa = XCConfigurationList;
			buildConfigurations = (
				30599DBC2C6C15E200842A96 /* Debug */,
				30599DBD2C6C15E200842A96 /* Release */,
			);
			defaultConfigurationIsVisible = 0;
			defaultConfigurationName = Release;
		};
/* End XCConfigurationList section */
	};
	rootObject = 30599DA52C6C15E100842A96 /* Project object */;
}
